
Microsoft Visual Studio Solution File, Format Version 12.00
# Visual Studio 2012
Project("{FAE04EC0-301F-11D3-BF4B-00C04F79EFBC}") = "OWASPZAPDotNetAPI", "OWASPZAPDotNetAPI\OWASPZAPDotNetAPI.csproj", "{112707DB-10A3-40C9-BFF2-172C2A9E82EB}"
EndProject
Project("{FAE04EC0-301F-11D3-BF4B-00C04F79EFBC}") = "OWASPZAPDotNetAPI.Tests", "OWASPZAPDotNetAPI.Tests\OWASPZAPDotNetAPI.Tests.csproj", "{42F7EF4A-2091-40EC-B63C-694BC4AC3444}"
EndProject
Project("{FAE04EC0-301F-11D3-BF4B-00C04F79EFBC}") = "OWASPZAPDotNetAPI.Samples", "OWASPZAPDotNetAPI.Samples\OWASPZAPDotNetAPI.Samples.csproj", "{7B059393-0292-43BF-AE1C-D2DB4336453C}"
EndProject
Global
	GlobalSection(SolutionConfigurationPlatforms) = preSolution
		Debug|Any CPU = Debug|Any CPU
		Release|Any CPU = Release|Any CPU
	EndGlobalSection
	GlobalSection(ProjectConfigurationPlatforms) = postSolution
		{112707DB-10A3-40C9-BFF2-172C2A9E82EB}.Debug|Any CPU.ActiveCfg = Debug|Any CPU
		{112707DB-10A3-40C9-BFF2-172C2A9E82EB}.Debug|Any CPU.Build.0 = Debug|Any CPU
		{112707DB-10A3-40C9-BFF2-172C2A9E82EB}.Release|Any CPU.ActiveCfg = Release|Any CPU
		{112707DB-10A3-40C9-BFF2-172C2A9E82EB}.Release|Any CPU.Build.0 = Release|Any CPU
		{42F7EF4A-2091-40EC-B63C-694BC4AC3444}.Debug|Any CPU.ActiveCfg = Debug|Any CPU
		{42F7EF4A-2091-40EC-B63C-694BC4AC3444}.Debug|Any CPU.Build.0 = Debug|Any CPU
		{42F7EF4A-2091-40EC-B63C-694BC4AC3444}.Release|Any CPU.ActiveCfg = Release|Any CPU
		{42F7EF4A-2091-40EC-B63C-694BC4AC3444}.Release|Any CPU.Build.0 = Release|Any CPU
		{7B059393-0292-43BF-AE1C-D2DB4336453C}.Debug|Any CPU.ActiveCfg = Debug|Any CPU
		{7B059393-0292-43BF-AE1C-D2DB4336453C}.Debug|Any CPU.Build.0 = Debug|Any CPU
		{7B059393-0292-43BF-AE1C-D2DB4336453C}.Release|Any CPU.ActiveCfg = Release|Any CPU
		{7B059393-0292-43BF-AE1C-D2DB4336453C}.Release|Any CPU.Build.0 = Release|Any CPU
	EndGlobalSection
	GlobalSection(SolutionProperties) = preSolution
		HideSolutionNode = FALSE
	EndGlobalSection
EndGlobal
